
Microsoft Visual Studio Solution File, Format Version 12.00
# Visual Studio Version 17
VisualStudioVersion = 17.13.35931.197 d17.13
MinimumVisualStudioVersion = 10.0.40219.1
Project("{2150E333-8FDC-42A3-9474-1A3956D46DE8}") = "IFD", "IFD", "{02EA681E-C7D8-13C7-8484-4AC65E1B71E8}"
EndProject
Project("{2150E333-8FDC-42A3-9474-1A3956D46DE8}") = "GLOBAL", "GLOBAL", "{DE0EA2CA-9EDA-45A8-B3B3-1496EFAE9DBA}"
EndProject
Project("{2150E333-8FDC-42A3-9474-1A3956D46DE8}") = "STACK", "STACK", "{B03832A9-987F-4E4D-9ECB-3040A0BA64B2}"
EndProject
Project("{FAE04EC0-301F-11D3-BF4B-00C04F79EFBC}") = "AISSample1", "AISSample1\AISSample1.csproj", "{D00A99C0-086E-4BD8-8CB4-F96EEF54486A}"
EndProject
Project("{FAE04EC0-301F-11D3-BF4B-00C04F79EFBC}") = "AISSample2", "AISSample2\AISSample2.csproj", "{0B111A3C-AFB2-4FD7-8DBF-C9A25DFE1227}"
EndProject
Project("{FAE04EC0-301F-11D3-BF4B-00C04F79EFBC}") = "AISSample3", "AISSample3\AISSample3.csproj", "{EF63D887-8589-426E-9D91-914BB7815BC0}"
EndProject
Project("{FAE04EC0-301F-11D3-BF4B-00C04F79EFBC}") = "Sample4", "Sample4\Sample4.csproj", "{04A7F01F-3FE7-4989-92F2-5380FE960AD3}"
EndProject
Project("{FAE04EC0-301F-11D3-BF4B-00C04F79EFBC}") = "Sample5", "Sample5\Sample5.csproj", "{7F453BB4-BC23-4F1C-83CA-229954DDEB5D}"
EndProject
Project("{FAE04EC0-301F-11D3-BF4B-00C04F79EFBC}") = "AISSample6", "Sample6\AISSample6.csproj", "{19D96D5C-079F-4311-A9E6-638BAA7A2FB5}"
EndProject
Project("{FAE04EC0-301F-11D3-BF4B-00C04F79EFBC}") = "AISSample7", "AISSample7\AISSample7.csproj", "{FB6607CB-73E6-45BA-AEDB-34CF884E6763}"
EndProject
Project("{FAE04EC0-301F-11D3-BF4B-00C04F79EFBC}") = "AISSample8", "AISSample8\AISSample8.csproj", "{7738EEEB-B36F-4789-9D35-BB520599B685}"
EndProject
Global
	GlobalSection(SolutionConfigurationPlatforms) = preSolution
		Debug|Any CPU = Debug|Any CPU
		Release|Any CPU = Release|Any CPU
	EndGlobalSection
	GlobalSection(ProjectConfigurationPlatforms) = postSolution
		{D00A99C0-086E-4BD8-8CB4-F96EEF54486A}.Debug|Any CPU.ActiveCfg = Debug|Any CPU
		{D00A99C0-086E-4BD8-8CB4-F96EEF54486A}.Debug|Any CPU.Build.0 = Debug|Any CPU
		{D00A99C0-086E-4BD8-8CB4-F96EEF54486A}.Release|Any CPU.ActiveCfg = Release|Any CPU
		{D00A99C0-086E-4BD8-8CB4-F96EEF54486A}.Release|Any CPU.Build.0 = Release|Any CPU
		{0B111A3C-AFB2-4FD7-8DBF-C9A25DFE1227}.Debug|Any CPU.ActiveCfg = Debug|Any CPU
		{0B111A3C-AFB2-4FD7-8DBF-C9A25DFE1227}.Debug|Any CPU.Build.0 = Debug|Any CPU
		{0B111A3C-AFB2-4FD7-8DBF-C9A25DFE1227}.Release|Any CPU.ActiveCfg = Release|Any CPU
		{0B111A3C-AFB2-4FD7-8DBF-C9A25DFE1227}.Release|Any CPU.Build.0 = Release|Any CPU
		{EF63D887-8589-426E-9D91-914BB7815BC0}.Debug|Any CPU.ActiveCfg = Debug|Any CPU
		{EF63D887-8589-426E-9D91-914BB7815BC0}.Debug|Any CPU.Build.0 = Debug|Any CPU
		{EF63D887-8589-426E-9D91-914BB7815BC0}.Release|Any CPU.ActiveCfg = Release|Any CPU
		{EF63D887-8589-426E-9D91-914BB7815BC0}.Release|Any CPU.Build.0 = Release|Any CPU
		{04A7F01F-3FE7-4989-92F2-5380FE960AD3}.Debug|Any CPU.ActiveCfg = Debug|Any CPU
		{04A7F01F-3FE7-4989-92F2-5380FE960AD3}.Debug|Any CPU.Build.0 = Debug|Any CPU
		{04A7F01F-3FE7-4989-92F2-5380FE960AD3}.Release|Any CPU.ActiveCfg = Release|Any CPU
		{04A7F01F-3FE7-4989-92F2-5380FE960AD3}.Release|Any CPU.Build.0 = Release|Any CPU
		{7F453BB4-BC23-4F1C-83CA-229954DDEB5D}.Debug|Any CPU.ActiveCfg = Debug|Any CPU
		{7F453BB4-BC23-4F1C-83CA-229954DDEB5D}.Debug|Any CPU.Build.0 = Debug|Any CPU
		{7F453BB4-BC23-4F1C-83CA-229954DDEB5D}.Release|Any CPU.ActiveCfg = Release|Any CPU
		{7F453BB4-BC23-4F1C-83CA-229954DDEB5D}.Release|Any CPU.Build.0 = Release|Any CPU
		{19D96D5C-079F-4311-A9E6-638BAA7A2FB5}.Debug|Any CPU.ActiveCfg = Debug|Any CPU
		{19D96D5C-079F-4311-A9E6-638BAA7A2FB5}.Debug|Any CPU.Build.0 = Debug|Any CPU
		{19D96D5C-079F-4311-A9E6-638BAA7A2FB5}.Release|Any CPU.ActiveCfg = Release|Any CPU
		{19D96D5C-079F-4311-A9E6-638BAA7A2FB5}.Release|Any CPU.Build.0 = Release|Any CPU
		{FB6607CB-73E6-45BA-AEDB-34CF884E6763}.Debug|Any CPU.ActiveCfg = Debug|Any CPU
		{FB6607CB-73E6-45BA-AEDB-34CF884E6763}.Debug|Any CPU.Build.0 = Debug|Any CPU
		{FB6607CB-73E6-45BA-AEDB-34CF884E6763}.Release|Any CPU.ActiveCfg = Release|Any CPU
		{FB6607CB-73E6-45BA-AEDB-34CF884E6763}.Release|Any CPU.Build.0 = Release|Any CPU
		{7738EEEB-B36F-4789-9D35-BB520599B685}.Debug|Any CPU.ActiveCfg = Debug|Any CPU
		{7738EEEB-B36F-4789-9D35-BB520599B685}.Debug|Any CPU.Build.0 = Debug|Any CPU
		{7738EEEB-B36F-4789-9D35-BB520599B685}.Release|Any CPU.ActiveCfg = Release|Any CPU
		{7738EEEB-B36F-4789-9D35-BB520599B685}.Release|Any CPU.Build.0 = Release|Any CPU
	EndGlobalSection
	GlobalSection(SolutionProperties) = preSolution
		HideSolutionNode = FALSE
	EndGlobalSection
	GlobalSection(NestedProjects) = preSolution
		{D00A99C0-086E-4BD8-8CB4-F96EEF54486A} = {DE0EA2CA-9EDA-45A8-B3B3-1496EFAE9DBA}
		{0B111A3C-AFB2-4FD7-8DBF-C9A25DFE1227} = {DE0EA2CA-9EDA-45A8-B3B3-1496EFAE9DBA}
		{EF63D887-8589-426E-9D91-914BB7815BC0} = {DE0EA2CA-9EDA-45A8-B3B3-1496EFAE9DBA}
		{04A7F01F-3FE7-4989-92F2-5380FE960AD3} = {02EA681E-C7D8-13C7-8484-4AC65E1B71E8}
		{7F453BB4-BC23-4F1C-83CA-229954DDEB5D} = {02EA681E-C7D8-13C7-8484-4AC65E1B71E8}
		{19D96D5C-079F-4311-A9E6-638BAA7A2FB5} = {B03832A9-987F-4E4D-9ECB-3040A0BA64B2}
		{FB6607CB-73E6-45BA-AEDB-34CF884E6763} = {B03832A9-987F-4E4D-9ECB-3040A0BA64B2}
		{7738EEEB-B36F-4789-9D35-BB520599B685} = {B03832A9-987F-4E4D-9ECB-3040A0BA64B2}
	EndGlobalSection
	GlobalSection(ExtensibilityGlobals) = postSolution
		SolutionGuid = {6D76408D-8224-4C80-B67D-9D8AD86F12FB}
	EndGlobalSection
EndGlobal
